
Microsoft Visual Studio Solution File, Format Version 12.00
# Visual Studio 15
Project("{FAE04EC0-301F-11D3-BF4B-00C04F79EFBC}") = "TensorFlowJS2", "TensorFlowJS2.csproj", "{1413E049-6043-47EB-A9D4-ECEC7D655EFF}"
EndProject
Global
	GlobalSection(SolutionConfigurationPlatforms) = preSolution
		Debug|Any CPU = Debug|Any CPU
		Release|Any CPU = Release|Any CPU
	EndGlobalSection
	GlobalSection(ProjectConfigurationPlatforms) = postSolution
		{1413E049-6043-47EB-A9D4-ECEC7D655EFF}.Debug|Any CPU.ActiveCfg = Debug|Any CPU
		{1413E049-6043-47EB-A9D4-ECEC7D655EFF}.Debug|Any CPU.Build.0 = Debug|Any CPU
		{1413E049-6043-47EB-A9D4-ECEC7D655EFF}.Release|Any CPU.ActiveCfg = Release|Any CPU
		{1413E049-6043-47EB-A9D4-ECEC7D655EFF}.Release|Any CPU.Build.0 = Release|Any CPU
	EndGlobalSection
EndGlobal
